// !$*UTF8*$!
{
	archiveVersion = 1;
	classes = {
	};
	objectVersion = 50;
	objects = {

/* Begin PBXBuildFile section */
		72830B0025FD88F83F9ADF85 /* Pods_SwiftNetWorkHelper.framework in Frameworks */ = {isa = PBXBuildFile; fileRef = 573A35967AC783F64FB1D6AD /* Pods_SwiftNetWorkHelper.framework */; };
		A920837E225DB80200C62EBD /* AppDelegate.swift in Sources */ = {isa = PBXBuildFile; fileRef = A920837D225DB80200C62EBD /* AppDelegate.swift */; };
		A9208380225DB80200C62EBD /* ViewController.swift in Sources */ = {isa = PBXBuildFile; fileRef = A920837F225DB80200C62EBD /* ViewController.swift */; };
		A9208383225DB80200C62EBD /* Main.storyboard in Resources */ = {isa = PBXBuildFile; fileRef = A9208381225DB80200C62EBD /* Main.storyboard */; };
		A9208385225DB80300C62EBD /* Assets.xcassets in Resources */ = {isa = PBXBuildFile; fileRef = A9208384225DB80300C62EBD /* Assets.xcassets */; };
		A9208388225DB80300C62EBD /* LaunchScreen.storyboard in Resources */ = {isa = PBXBuildFile; fileRef = A9208386225DB80300C62EBD /* LaunchScreen.storyboard */; };
		A9208392225DBD8400C62EBD /* APIManager.swift in Sources */ = {isa = PBXBuildFile; fileRef = A9208391225DBD8400C62EBD /* APIManager.swift */; };
		A920839A225DE00E00C62EBD /* RxHandyJSON.swift in Sources */ = {isa = PBXBuildFile; fileRef = A9208399225DE00E00C62EBD /* RxHandyJSON.swift */; };
		A920839C225DF4DC00C62EBD /* TestModel.swift in Sources */ = {isa = PBXBuildFile; fileRef = A920839B225DF4DC00C62EBD /* TestModel.swift */; };
/* End PBXBuildFile section */

/* Begin PBXFileReference section */
		573A35967AC783F64FB1D6AD /* Pods_SwiftNetWorkHelper.framework */ = {isa = PBXFileReference; explicitFileType = wrapper.framework; includeInIndex = 0; path = Pods_SwiftNetWorkHelper.framework; sourceTree = BUILT_PRODUCTS_DIR; };
		748F47E8AE8AD5A55BA6EAFE /* Pods-SwiftNetWorkHelper.debug.xcconfig */ = {isa = PBXFileReference; includeInIndex = 1; lastKnownFileType = text.xcconfig; name = "Pods-SwiftNetWorkHelper.debug.xcconfig"; path = "Pods/Target Support Files/Pods-SwiftNetWorkHelper/Pods-SwiftNetWorkHelper.debug.xcconfig"; sourceTree = "<group>"; };
		A920837A225DB80200C62EBD /* SwiftNetWorkHelper.app */ = {isa = PBXFileReference; explicitFileType = wrapper.application; includeInIndex = 0; path = SwiftNetWorkHelper.app; sourceTree = BUILT_PRODUCTS_DIR; };
		A920837D225DB80200C62EBD /* AppDelegate.swift */ = {isa = PBXFileReference; lastKnownFileType = sourcecode.swift; path = AppDelegate.swift; sourceTree = "<group>"; };
		A920837F225DB80200C62EBD /* ViewController.swift */ = {isa = PBXFileReference; lastKnownFileType = sourcecode.swift; path = ViewController.swift; sourceTree = "<group>"; };
		A9208382225DB80200C62EBD /* Base */ = {isa = PBXFileReference; lastKnownFileType = file.storyboard; name = Base; path = Base.lproj/Main.storyboard; sourceTree = "<group>"; };
		A9208384225DB80300C62EBD /* Assets.xcassets */ = {isa = PBXFileReference; lastKnownFileType = folder.assetcatalog; path = Assets.xcassets; sourceTree = "<group>"; };
		A9208387225DB80300C62EBD /* Base */ = {isa = PBXFileReference; lastKnownFileType = file.storyboard; name = Base; path = Base.lproj/LaunchScreen.storyboard; sourceTree = "<group>"; };
		A9208389225DB80300C62EBD /* Info.plist */ = {isa = PBXFileReference; lastKnownFileType = text.plist.xml; path = Info.plist; sourceTree = "<group>"; };
		A9208391225DBD8400C62EBD /* APIManager.swift */ = {isa = PBXFileReference; lastKnownFileType = sourcecode.swift; path = APIManager.swift; sourceTree = "<group>"; };
		A9208399225DE00E00C62EBD /* RxHandyJSON.swift */ = {isa = PBXFileReference; lastKnownFileType = sourcecode.swift; path = RxHandyJSON.swift; sourceTree = "<group>"; };
		A920839B225DF4DC00C62EBD /* TestModel.swift */ = {isa = PBXFileReference; lastKnownFileType = sourcecode.swift; path = TestModel.swift; sourceTree = "<group>"; };
		FAA6AA7652D6302BB4287438 /* Pods-SwiftNetWorkHelper.release.xcconfig */ = {isa = PBXFileReference; includeInIndex = 1; lastKnownFileType = text.xcconfig; name = "Pods-SwiftNetWorkHelper.release.xcconfig"; path = "Pods/Target Support Files/Pods-SwiftNetWorkHelper/Pods-SwiftNetWorkHelper.release.xcconfig"; sourceTree = "<group>"; };
/* End PBXFileReference section */

/* Begin PBXFrameworksBuildPhase section */
		A9208377225DB80200C62EBD /* Frameworks */ = {
			isa = PBXFrameworksBuildPhase;
			buildActionMask = 2147483647;
			files = (
				72830B0025FD88F83F9ADF85 /* Pods_SwiftNetWorkHelper.framework in Frameworks */,
			);
			runOnlyForDeploymentPostprocessing = 0;
		};
/* End PBXFrameworksBuildPhase section */

/* Begin PBXGroup section */
		10ADA2DA330979359A654662 /* Pods */ = {
			isa = PBXGroup;
			children = (
				748F47E8AE8AD5A55BA6EAFE /* Pods-SwiftNetWorkHelper.debug.xcconfig */,
				FAA6AA7652D6302BB4287438 /* Pods-SwiftNetWorkHelper.release.xcconfig */,
			);
			name = Pods;
			sourceTree = "<group>";
		};
		A9208371225DB80200C62EBD = {
			isa = PBXGroup;
			children = (
				A920837C225DB80200C62EBD /* SwiftNetWorkHelper */,
				A920837B225DB80200C62EBD /* Products */,
				10ADA2DA330979359A654662 /* Pods */,
				AC8A0FAD531A5BB0D16F98D2 /* Frameworks */,
			);
			sourceTree = "<group>";
		};
		A920837B225DB80200C62EBD /* Products */ = {
			isa = PBXGroup;
			children = (
				A920837A225DB80200C62EBD /* SwiftNetWorkHelper.app */,
			);
			name = Products;
			sourceTree = "<group>";
		};
		A920837C225DB80200C62EBD /* SwiftNetWorkHelper */ = {
			isa = PBXGroup;
			children = (
				A9208390225DBD5100C62EBD /* Router */,
				A920837D225DB80200C62EBD /* AppDelegate.swift */,
				A920837F225DB80200C62EBD /* ViewController.swift */,
				A9208381225DB80200C62EBD /* Main.storyboard */,
				A9208384225DB80300C62EBD /* Assets.xcassets */,
				A9208386225DB80300C62EBD /* LaunchScreen.storyboard */,
				A9208389225DB80300C62EBD /* Info.plist */,
			);
			path = SwiftNetWorkHelper;
			sourceTree = "<group>";
		};
		A9208390225DBD5100C62EBD /* Router */ = {
			isa = PBXGroup;
			children = (
				A9208391225DBD8400C62EBD /* APIManager.swift */,
				A9208399225DE00E00C62EBD /* RxHandyJSON.swift */,
				A920839B225DF4DC00C62EBD /* TestModel.swift */,
			);
			path = Router;
			sourceTree = "<group>";
		};
		AC8A0FAD531A5BB0D16F98D2 /* Frameworks */ = {
			isa = PBXGroup;
			children = (
				573A35967AC783F64FB1D6AD /* Pods_SwiftNetWorkHelper.framework */,
			);
			name = Frameworks;
			sourceTree = "<group>";
		};
/* End PBXGroup section */

/* Begin PBXNativeTarget section */
		A9208379225DB80200C62EBD /* SwiftNetWorkHelper */ = {
			isa = PBXNativeTarget;
			buildConfigurationList = A920838C225DB80300C62EBD /* Build configuration list for PBXNativeTarget "SwiftNetWorkHelper" */;
			buildPhases = (
				AF950B8ED9E14891B3AA6827 /* [CP] Check Pods Manifest.lock */,
				A9208376225DB80200C62EBD /* Sources */,
				A9208377225DB80200C62EBD /* Frameworks */,
				A9208378225DB80200C62EBD /* Resources */,
				625198EE8E1858C811D31E6D /* [CP] Embed Pods Frameworks */,
				F0DABC308D93CC509AA44DDE /* [CP] Copy Pods Resources */,
			);
			buildRules = (
			);
			dependencies = (
			);
			name = SwiftNetWorkHelper;
			productName = SwiftNetWorkHelper;
			productReference = A920837A225DB80200C62EBD /* SwiftNetWorkHelper.app */;
			productType = "com.apple.product-type.application";
		};
/* End PBXNativeTarget section */

/* Begin PBXProject section */
		A9208372225DB80200C62EBD /* Project object */ = {
			isa = PBXProject;
			attributes = {
				LastSwiftUpdateCheck = 1020;
				LastUpgradeCheck = 1020;
				ORGANIZATIONNAME = swagTeam;
				TargetAttributes = {
					A9208379225DB80200C62EBD = {
						CreatedOnToolsVersion = 10.2;
					};
				};
			};
			buildConfigurationList = A9208375225DB80200C62EBD /* Build configuration list for PBXProject "SwiftNetWorkHelper" */;
			compatibilityVersion = "Xcode 9.3";
			developmentRegion = en;
			hasScannedForEncodings = 0;
			knownRegions = (
				en,
				Base,
			);
			mainGroup = A9208371225DB80200C62EBD;
			productRefGroup = A920837B225DB80200C62EBD /* Products */;
			projectDirPath = "";
			projectRoot = "";
			targets = (
				A9208379225DB80200C62EBD /* SwiftNetWorkHelper */,
			);
		};
/* End PBXProject section */

/* Begin PBXResourcesBuildPhase section */
		A9208378225DB80200C62EBD /* Resources */ = {
			isa = PBXResourcesBuildPhase;
			buildActionMask = 2147483647;
			files = (
				A9208388225DB80300C62EBD /* LaunchScreen.storyboard in Resources */,
				A9208385225DB80300C62EBD /* Assets.xcassets in Resources */,
				A9208383225DB80200C62EBD /* Main.storyboard in Resources */,
			);
			runOnlyForDeploymentPostprocessing = 0;
		};
/* End PBXResourcesBuildPhase section */

/* Begin PBXShellScriptBuildPhase section */
		625198EE8E1858C811D31E6D /* [CP] Embed Pods Frameworks */ = {
			isa = PBXShellScriptBuildPhase;
			buildActionMask = 2147483647;
			files = (
			);
			inputPaths = (
				"${SRCROOT}/Pods/Target Support Files/Pods-SwiftNetWorkHelper/Pods-SwiftNetWorkHelper-frameworks.sh",
				"${BUILT_PRODUCTS_DIR}/Alamofire/Alamofire.framework",
				"${BUILT_PRODUCTS_DIR}/HandyJSON/HandyJSON.framework",
				"${BUILT_PRODUCTS_DIR}/Moya/Moya.framework",
				"${BUILT_PRODUCTS_DIR}/Result/Result.framework",
				"${BUILT_PRODUCTS_DIR}/RxSwift/RxSwift.framework",
			);
			name = "[CP] Embed Pods Frameworks";
			outputPaths = (
				"${TARGET_BUILD_DIR}/${FRAMEWORKS_FOLDER_PATH}/Alamofire.framework",
				"${TARGET_BUILD_DIR}/${FRAMEWORKS_FOLDER_PATH}/HandyJSON.framework",
				"${TARGET_BUILD_DIR}/${FRAMEWORKS_FOLDER_PATH}/Moya.framework",
				"${TARGET_BUILD_DIR}/${FRAMEWORKS_FOLDER_PATH}/Result.framework",
				"${TARGET_BUILD_DIR}/${FRAMEWORKS_FOLDER_PATH}/RxSwift.framework",
			);
			runOnlyForDeploymentPostprocessing = 0;
			shellPath = /bin/sh;
			shellScript = "\"${SRCROOT}/Pods/Target Support Files/Pods-SwiftNetWorkHelper/Pods-SwiftNetWorkHelper-frameworks.sh\"\n";
			showEnvVarsInLog = 0;
		};
		AF950B8ED9E14891B3AA6827 /* [CP] Check Pods Manifest.lock */ = {
			isa = PBXShellScriptBuildPhase;
			buildActionMask = 2147483647;
			files = (
			);
			inputPaths = (
				"${PODS_PODFILE_DIR_PATH}/Podfile.lock",
				"${PODS_ROOT}/Manifest.lock",
			);
			name = "[CP] Check Pods Manifest.lock";
			outputPaths = (
				"$(DERIVED_FILE_DIR)/Pods-SwiftNetWorkHelper-checkManifestLockResult.txt",
			);
			runOnlyForDeploymentPostprocessing = 0;
			shellPath = /bin/sh;
			shellScript = "diff \"${PODS_PODFILE_DIR_PATH}/Podfile.lock\" \"${PODS_ROOT}/Manifest.lock\" > /dev/null\nif [ $? != 0 ] ; then\n    # print error to STDERR\n    echo \"error: The sandbox is not in sync with the Podfile.lock. Run 'pod install' or update your CocoaPods installation.\" >&2\n    exit 1\nfi\n# This output is used by Xcode 'outputs' to avoid re-running this script phase.\necho \"SUCCESS\" > \"${SCRIPT_OUTPUT_FILE_0}\"\n";
			showEnvVarsInLog = 0;
		};
		F0DABC308D93CC509AA44DDE /* [CP] Copy Pods Resources */ = {
			isa = PBXShellScriptBuildPhase;
			buildActionMask = 2147483647;
			files = (
			);
			inputPaths = (
			);
			name = "[CP] Copy Pods Resources";
			outputPaths = (
			);
			runOnlyForDeploymentPostprocessing = 0;
			shellPath = /bin/sh;
			shellScript = "\"${SRCROOT}/Pods/Target Support Files/Pods-SwiftNetWorkHelper/Pods-SwiftNetWorkHelper-resources.sh\"\n";
			showEnvVarsInLog = 0;
		};
/* End PBXShellScriptBuildPhase section */

/* Begin PBXSourcesBuildPhase section */
		A9208376225DB80200C62EBD /* Sources */ = {
			isa = PBXSourcesBuildPhase;
			buildActionMask = 2147483647;
			files = (
				A920839A225DE00E00C62EBD /* RxHandyJSON.swift in Sources */,
				A920839C225DF4DC00C62EBD /* TestModel.swift in Sources */,
				A9208392225DBD8400C62EBD /* APIManager.swift in Sources */,
				A9208380225DB80200C62EBD /* ViewController.swift in Sources */,
				A920837E225DB80200C62EBD /* AppDelegate.swift in Sources */,
			);
			runOnlyForDeploymentPostprocessing = 0;
		};
/* End PBXSourcesBuildPhase section */

/* Begin PBXVariantGroup section */
		A9208381225DB80200C62EBD /* Main.storyboard */ = {
			isa = PBXVariantGroup;
			children = (
				A9208382225DB80200C62EBD /* Base */,
			);
			name = Main.storyboard;
			sourceTree = "<group>";
		};
		A9208386225DB80300C62EBD /* LaunchScreen.storyboard */ = {
			isa = PBXVariantGroup;
			children = (
				A9208387225DB80300C62EBD /* Base */,
			);
			name = LaunchScreen.storyboard;
			sourceTree = "<group>";
		};
/* End PBXVariantGroup section */

/* Begin XCBuildConfiguration section */
		A920838A225DB80300C62EBD /* Debug */ = {
			isa = XCBuildConfiguration;
			buildSettings = {
				ALWAYS_SEARCH_USER_PATHS = NO;
				CLANG_ANALYZER_NONNULL = YES;
				CLANG_ANALYZER_NUMBER_OBJECT_CONVERSION = YES_AGGRESSIVE;
				CLANG_CXX_LANGUAGE_STANDARD = "gnu++14";
				CLANG_CXX_LIBRARY = "libc++";
				CLANG_ENABLE_MODULES = YES;
				CLANG_ENABLE_OBJC_ARC = YES;
				CLANG_ENABLE_OBJC_WEAK = YES;
				CLANG_WARN_BLOCK_CAPTURE_AUTORELEASING = YES;
				CLANG_WARN_BOOL_CONVERSION = YES;
				CLANG_WARN_COMMA = YES;
				CLANG_WARN_CONSTANT_CONVERSION = YES;
				CLANG_WARN_DEPRECATED_OBJC_IMPLEMENTATIONS = YES;
				CLANG_WARN_DIRECT_OBJC_ISA_USAGE = YES_ERROR;
				CLANG_WARN_DOCUMENTATION_COMMENTS = YES;
				CLANG_WARN_EMPTY_BODY = YES;
				CLANG_WARN_ENUM_CONVERSION = YES;
				CLANG_WARN_INFINITE_RECURSION = YES;
				CLANG_WARN_INT_CONVERSION = YES;
				CLANG_WARN_NON_LITERAL_NULL_CONVERSION = YES;
				CLANG_WARN_OBJC_IMPLICIT_RETAIN_SELF = YES;
				CLANG_WARN_OBJC_LITERAL_CONVERSION = YES;
				CLANG_WARN_OBJC_ROOT_CLASS = YES_ERROR;
				CLANG_WARN_RANGE_LOOP_ANALYSIS = YES;
				CLANG_WARN_STRICT_PROTOTYPES = YES;
				CLANG_WARN_SUSPICIOUS_MOVE = YES;
				CLANG_WARN_UNGUARDED_AVAILABILITY = YES_AGGRESSIVE;
				CLANG_WARN_UNREACHABLE_CODE = YES;
				CLANG_WARN__DUPLICATE_METHOD_MATCH = YES;
				CODE_SIGN_IDENTITY = "iPhone Developer";
				COPY_PHASE_STRIP = NO;
				DEBUG_INFORMATION_FORMAT = dwarf;
				ENABLE_STRICT_OBJC_MSGSEND = YES;
				ENABLE_TESTABILITY = YES;
				GCC_C_LANGUAGE_STANDARD = gnu11;
				GCC_DYNAMIC_NO_PIC = NO;
				GCC_NO_COMMON_BLOCKS = YES;
				GCC_OPTIMIZATION_LEVEL = 0;
				GCC_PREPROCESSOR_DEFINITIONS = (
					"DEBUG=1",
					"$(inherited)",
				);
				GCC_WARN_64_TO_32_BIT_CONVERSION = YES;
				GCC_WARN_ABOUT_RETURN_TYPE = YES_ERROR;
				GCC_WARN_UNDECLARED_SELECTOR = YES;
				GCC_WARN_UNINITIALIZED_AUTOS = YES_AGGRESSIVE;
				GCC_WARN_UNUSED_FUNCTION = YES;
				GCC_WARN_UNUSED_VARIABLE = YES;
				IPHONEOS_DEPLOYMENT_TARGET = 12.2;
				MTL_ENABLE_DEBUG_INFO = INCLUDE_SOURCE;
				MTL_FAST_MATH = YES;
				ONLY_ACTIVE_ARCH = YES;
				SDKROOT = iphoneos;
				SWIFT_ACTIVE_COMPILATION_CONDITIONS = DEBUG;
				SWIFT_OPTIMIZATION_LEVEL = "-Onone";
			};
			name = Debug;
		};
		A920838B225DB80300C62EBD /* Release */ = {
			isa = XCBuildConfiguration;
			buildSettings = {
				ALWAYS_SEARCH_USER_PATHS = NO;
				CLANG_ANALYZER_NONNULL = YES;
				CLANG_ANALYZER_NUMBER_OBJECT_CONVERSION = YES_AGGRESSIVE;
				CLANG_CXX_LANGUAGE_STANDARD = "gnu++14";
				CLANG_CXX_LIBRARY = "libc++";
				CLANG_ENABLE_MODULES = YES;
				CLANG_ENABLE_OBJC_ARC = YES;
				CLANG_ENABLE_OBJC_WEAK = YES;
				CLANG_WARN_BLOCK_CAPTURE_AUTORELEASING = YES;
				CLANG_WARN_BOOL_CONVERSION = YES;
				CLANG_WARN_COMMA = YES;
				CLANG_WARN_CONSTANT_CONVERSION = YES;
				CLANG_WARN_DEPRECATED_OBJC_IMPLEMENTATIONS = YES;
				CLANG_WARN_DIRECT_OBJC_ISA_USAGE = YES_ERROR;
				CLANG_WARN_DOCUMENTATION_COMMENTS = YES;
				CLANG_WARN_EMPTY_BODY = YES;
				CLANG_WARN_ENUM_CONVERSION = YES;
				CLANG_WARN_INFINITE_RECURSION = YES;
				CLANG_WARN_INT_CONVERSION = YES;
				CLANG_WARN_NON_LITERAL_NULL_CONVERSION = YES;
				CLANG_WARN_OBJC_IMPLICIT_RETAIN_SELF = YES;
				CLANG_WARN_OBJC_LITERAL_CONVERSION = YES;
				CLANG_WARN_OBJC_ROOT_CLASS = YES_ERROR;
				CLANG_WARN_RANGE_LOOP_ANALYSIS = YES;
				CLANG_WARN_STRICT_PROTOTYPES = YES;
				CLANG_WARN_SUSPICIOUS_MOVE = YES;
				CLANG_WARN_UNGUARDED_AVAILABILITY = YES_AGGRESSIVE;
				CLANG_WARN_UNREACHABLE_CODE = YES;
				CLANG_WARN__DUPLICATE_METHOD_MATCH = YES;
				CODE_SIGN_IDENTITY = "iPhone Developer";
				COPY_PHASE_STRIP = NO;
				DEBUG_INFORMATION_FORMAT = "dwarf-with-dsym";
				ENABLE_NS_ASSERTIONS = NO;
				ENABLE_STRICT_OBJC_MSGSEND = YES;
				GCC_C_LANGUAGE_STANDARD = gnu11;
				GCC_NO_COMMON_BLOCKS = YES;
				GCC_WARN_64_TO_32_BIT_CONVERSION = YES;
				GCC_WARN_ABOUT_RETURN_TYPE = YES_ERROR;
				GCC_WARN_UNDECLARED_SELECTOR = YES;
				GCC_WARN_UNINITIALIZED_AUTOS = YES_AGGRESSIVE;
				GCC_WARN_UNUSED_FUNCTION = YES;
				GCC_WARN_UNUSED_VARIABLE = YES;
				IPHONEOS_DEPLOYMENT_TARGET = 12.2;
				MTL_ENABLE_DEBUG_INFO = NO;
				MTL_FAST_MATH = YES;
				SDKROOT = iphoneos;
				SWIFT_COMPILATION_MODE = wholemodule;
				SWIFT_OPTIMIZATION_LEVEL = "-O";
				VALIDATE_PRODUCT = YES;
			};
			name = Release;
		};
		A920838D225DB80300C62EBD /* Debug */ = {
			isa = XCBuildConfiguration;
			baseConfigurationReference = 748F47E8AE8AD5A55BA6EAFE /* Pods-SwiftNetWorkHelper.debug.xcconfig */;
			buildSettings = {
				ASSETCATALOG_COMPILER_APPICON_NAME = AppIcon;
				CODE_SIGN_STYLE = Automatic;
				DEVELOPMENT_TEAM = 72NERP758N;
				INFOPLIST_FILE = SwiftNetWorkHelper/Info.plist;
				LD_RUNPATH_SEARCH_PATHS = (
					"$(inherited)",
					"@executable_path/Frameworks",
				);
				PRODUCT_BUNDLE_IDENTIFIER = com.swagTeam.SwiftNetWorkHelper;
				PRODUCT_NAME = "$(TARGET_NAME)";
				SWIFT_VERSION = 5.0;
				TARGETED_DEVICE_FAMILY = "1,2";
			};
			name = Debug;
		};
		A920838E225DB80300C62EBD /* Release */ = {
			isa = XCBuildConfiguration;
			baseConfigurationReference = FAA6AA7652D6302BB4287438 /* Pods-SwiftNetWorkHelper.release.xcconfig */;
			buildSettings = {
				ASSETCATALOG_COMPILER_APPICON_NAME = AppIcon;
				CODE_SIGN_STYLE = Automatic;
				DEVELOPMENT_TEAM = 72NERP758N;
				INFOPLIST_FILE = SwiftNetWorkHelper/Info.plist;
				LD_RUNPATH_SEARCH_PATHS = (
					"$(inherited)",
					"@executable_path/Frameworks",
				);
				PRODUCT_BUNDLE_IDENTIFIER = com.swagTeam.SwiftNetWorkHelper;
				PRODUCT_NAME = "$(TARGET_NAME)";
				SWIFT_VERSION = 5.0;
				TARGETED_DEVICE_FAMILY = "1,2";
			};
			name = Release;
		};
/* End XCBuildConfiguration section */

/* Begin XCConfigurationList section */
		A9208375225DB80200C62EBD /* Build configuration list for PBXProject "SwiftNetWorkHelper" */ = {
			isa = XCConfigurationList;
			buildConfigurations = (
				A920838A225DB80300C62EBD /* Debug */,
				A920838B225DB80300C62EBD /* Release */,
			);
			defaultConfigurationIsVisible = 0;
			defaultConfigurationName = Release;
		};
		A920838C225DB80300C62EBD /* Build configuration list for PBXNativeTarget "SwiftNetWorkHelper" */ = {
			isa = XCConfigurationList;
			buildConfigurations = (
				A920838D225DB80300C62EBD /* Debug */,
				A920838E225DB80300C62EBD /* Release */,
			);
			defaultConfigurationIsVisible = 0;
			defaultConfigurationName = Release;
		};
/* End XCConfigurationList section */
	};
	rootObject = A9208372225DB80200C62EBD /* Project object */;
}
